
Microsoft Visual Studio Solution File, Format Version 12.00
# Visual Studio 15
VisualStudioVersion = 15.0.27004.2002
MinimumVisualStudioVersion = 10.0.40219.1
Project("{FAE04EC0-301F-11D3-BF4B-00C04F79EFBC}") = "LinkedListImplementation", "LinkedListImplementation\LinkedListImplementation.csproj", "{C3C9B7D6-0B1F-4830-AED0-8FF307D7108B}"
EndProject
Project("{FAE04EC0-301F-11D3-BF4B-00C04F79EFBC}") = "LinkedListTests", "LinkedListTests\LinkedListTests.csproj", "{0146610C-8278-47CD-8700-0F8E23A49930}"
EndProject
Global
	GlobalSection(SolutionConfigurationPlatforms) = preSolution
		Debug|Any CPU = Debug|Any CPU
		Release|Any CPU = Release|Any CPU
	EndGlobalSection
	GlobalSection(ProjectConfigurationPlatforms) = postSolution
		{C3C9B7D6-0B1F-4830-AED0-8FF307D7108B}.Debug|Any CPU.ActiveCfg = Debug|Any CPU
		{C3C9B7D6-0B1F-4830-AED0-8FF307D7108B}.Debug|Any CPU.Build.0 = Debug|Any CPU
		{C3C9B7D6-0B1F-4830-AED0-8FF307D7108B}.Release|Any CPU.ActiveCfg = Release|Any CPU
		{C3C9B7D6-0B1F-4830-AED0-8FF307D7108B}.Release|Any CPU.Build.0 = Release|Any CPU
		{0146610C-8278-47CD-8700-0F8E23A49930}.Debug|Any CPU.ActiveCfg = Debug|Any CPU
		{0146610C-8278-47CD-8700-0F8E23A49930}.Debug|Any CPU.Build.0 = Debug|Any CPU
		{0146610C-8278-47CD-8700-0F8E23A49930}.Release|Any CPU.ActiveCfg = Release|Any CPU
		{0146610C-8278-47CD-8700-0F8E23A49930}.Release|Any CPU.Build.0 = Release|Any CPU
	EndGlobalSection
	GlobalSection(SolutionProperties) = preSolution
		HideSolutionNode = FALSE
	EndGlobalSection
	GlobalSection(ExtensibilityGlobals) = postSolution
		SolutionGuid = {6FC3811A-D443-4F8D-AF5F-39BC2BAF3C2B}
	EndGlobalSection
EndGlobal
